// !$*UTF8*$!
{
       archiveVersion = 1;
       classes = {
       };
       objectVersion = 46;
       objects = {

/* Begin PBXAggregateTarget section */
              1A72F6F3D7FD4227B934793A /* ALL_BUILD */ = {
                     isa = PBXAggregateTarget;
                     buildConfigurationList = 79259BE23B394719B6546D39 /* Build configuration list for PBXAggregateTarget "ALL_BUILD" */;
                     buildPhases = (
                            0DDC9152E2674BCDAFCEA49A /* CMake Rules */,
                     );
                     dependencies = (
                            F270D35B8D65413DA138F00D /* PBXTargetDependency */,
                            D6E6A6F5B0234CA5AFCE9506 /* PBXTargetDependency */,
                            BDD1799AA4554BF39CAE0452 /* PBXTargetDependency */,
                     );
                     name = ALL_BUILD;
                     productName = ALL_BUILD;
              };
              62B7C81285784C67AB28F4EC /* ZERO_CHECK */ = {
                     isa = PBXAggregateTarget;
                     buildConfigurationList = 902E98738DF2445A86F3CE79 /* Build configuration list for PBXAggregateTarget "ZERO_CHECK" */;
                     buildPhases = (
                            E1575A5171E74BCA9CE36124 /* CMake Rules */,
                     );
                     dependencies = (
                     );
                     name = ZERO_CHECK;
                     productName = ZERO_CHECK;
              };
              4651C812ACDF4D11879D7722 /* install */ = {
                     isa = PBXAggregateTarget;
                     buildConfigurationList = 3180FE68BBF44BB8BBC5F08F /* Build configuration list for PBXAggregateTarget "install" */;
                     buildPhases = (
                            0063383AB1A9425AAB9DB23A /* CMake PostBuild Rules */,
                     );
                     dependencies = (
                            262A6893FF064025A80E346B /* PBXTargetDependency */,
                     );
                     name = install;
                     productName = install;
              };
/* End PBXAggregateTarget section */

/* Begin PBXBuildFile section */
5505FDBBE90B4C2BA71BC2A0 /* /Users/alex/Coding/geosim/googletest/src/gtest-all.cc */ = {isa = PBXBuildFile; fileRef = 9F2FF7F4E50F4B9394E36B4D /* /Users/alex/Coding/geosim/googletest/src/gtest-all.cc */; settings = { COMPILER_FLAGS = "   -DGTEST_HAS_PTHREAD=1  "; }; };
AD0A76BD56EE46C5913023D8 /* /Users/alex/Coding/geosim/googletest/CMakeLists.txt */ = {isa = PBXBuildFile; fileRef = 41CBECB9B7A24F4D9EFC6C99 /* /Users/alex/Coding/geosim/googletest/CMakeLists.txt */; settings = { COMPILER_FLAGS = "   -DGTEST_HAS_PTHREAD=1  "; }; };
882499786E8147198B305137 /* /Users/alex/Coding/geosim/googletest/src/gtest_main.cc */ = {isa = PBXBuildFile; fileRef = 0C6810328A5A446C8C1A6911 /* /Users/alex/Coding/geosim/googletest/src/gtest_main.cc */; settings = { COMPILER_FLAGS = "   -DGTEST_HAS_PTHREAD=1  "; }; };
C0B6A090B1C24EFC9D1AAD86 /* /Users/alex/Coding/geosim/googletest/CMakeLists.txt */ = {isa = PBXBuildFile; fileRef = 41CBECB9B7A24F4D9EFC6C99 /* /Users/alex/Coding/geosim/googletest/CMakeLists.txt */; settings = { COMPILER_FLAGS = "   -DGTEST_HAS_PTHREAD=1  "; }; };
/* End PBXBuildFile section */

/* Begin PBXBuildStyle section */
              CBC32DFE89874535AA5246F2 /*  */ = {
                     isa = PBXBuildStyle;
              };
              B9413475E97C4B3589C97817 /* Debug */ = {
                     isa = PBXBuildStyle;
                     buildSettings = {
                            COPY_PHASE_STRIP = NO;
                     };
                     name = Debug;
              };
              C06A13BC55E34882B9E6603E /* Release */ = {
                     isa = PBXBuildStyle;
                     buildSettings = {
                            COPY_PHASE_STRIP = NO;
                     };
                     name = Release;
              };
              8626F0E991EC4C85A3EB6587 /* MinSizeRel */ = {
                     isa = PBXBuildStyle;
                     buildSettings = {
                            COPY_PHASE_STRIP = NO;
                     };
                     name = MinSizeRel;
              };
              5DE80597C93745F6BD4EABCF /* RelWithDebInfo */ = {
                     isa = PBXBuildStyle;
                     buildSettings = {
                            COPY_PHASE_STRIP = NO;
                     };
                     name = RelWithDebInfo;
              };
/* End PBXBuildStyle section */

/* Begin PBXContainerItemProxy section */
              09F834D5C2D34964BDC2D0B7 /* PBXContainerItemProxy */ = {
                     isa = PBXContainerItemProxy;
                     containerPortal = 94B69B3A07054DB4A84C94BD /* Project object */;
                     proxyType = 1;
                     remoteGlobalIDString = 62B7C81285784C67AB28F4EC;
                     remoteInfo = ZERO_CHECK;
              };
              9A005FD4199744A9AE87228F /* PBXContainerItemProxy */ = {
                     isa = PBXContainerItemProxy;
                     containerPortal = 94B69B3A07054DB4A84C94BD /* Project object */;
                     proxyType = 1;
                     remoteGlobalIDString = B66D41643AEF4255AEC140BB;
                     remoteInfo = gtest;
              };
              2538C710F56A4240B0970CC5 /* PBXContainerItemProxy */ = {
                     isa = PBXContainerItemProxy;
                     containerPortal = 94B69B3A07054DB4A84C94BD /* Project object */;
                     proxyType = 1;
                     remoteGlobalIDString = 1101F461472F40A8A0A18E66;
                     remoteInfo = gtest_main;
              };
              DFA000DAF2A346699F6E5E37 /* PBXContainerItemProxy */ = {
                     isa = PBXContainerItemProxy;
                     containerPortal = 94B69B3A07054DB4A84C94BD /* Project object */;
                     proxyType = 1;
                     remoteGlobalIDString = 1A72F6F3D7FD4227B934793A;
                     remoteInfo = ALL_BUILD;
              };
/* End PBXContainerItemProxy section */

/* Begin PBXFileReference section */
41CBECB9B7A24F4D9EFC6C99 /* /Users/alex/Coding/geosim/googletest/CMakeLists.txt */ = {isa = PBXFileReference; fileEncoding = 4; lastKnownFileType = "sourcecode.text"; name = "CMakeLists.txt"; path = "CMakeLists.txt"; sourceTree = SOURCE_ROOT; };
9F2FF7F4E50F4B9394E36B4D /* /Users/alex/Coding/geosim/googletest/src/gtest-all.cc */ = {isa = PBXFileReference; fileEncoding = 4; lastKnownFileType = "sourcecode.cpp.cpp"; name = "gtest-all.cc"; path = "src/gtest-all.cc"; sourceTree = SOURCE_ROOT; };
AA35934358C2453FA3DE1948 /* gtest */ = {isa = PBXFileReference; explicitFileType = "archive.ar"; path = "libgtest.a"; refType = 0; sourceTree = BUILT_PRODUCTS_DIR; };
0C6810328A5A446C8C1A6911 /* /Users/alex/Coding/geosim/googletest/src/gtest_main.cc */ = {isa = PBXFileReference; fileEncoding = 4; lastKnownFileType = "sourcecode.cpp.cpp"; name = "gtest_main.cc"; path = "src/gtest_main.cc"; sourceTree = SOURCE_ROOT; };
EB3BD99919924791A7C7B0AB /* gtest_main */ = {isa = PBXFileReference; explicitFileType = "archive.ar"; path = "libgtest_main.a"; refType = 0; sourceTree = BUILT_PRODUCTS_DIR; };
/* End PBXFileReference section */

/* Begin PBXGroup section */
              8A9DC775F7F34679A75CE2F4  = {
                     isa = PBXGroup;
                     children = (
                            E3C9556D3D1C4A6BBC45646B /* Sources */,
                            C32EA5C6C40D4BA6AABF1BA0 /* Resources */,
                            5DEDA4D945374089BFD2F652 /* Products */,
                     );
                     sourceTree = "<group>";
              };
              E3C9556D3D1C4A6BBC45646B /* Sources */ = {
                     isa = PBXGroup;
                     children = (
                            1E1E136B49684586AA83C61E /* ALL_BUILD */,
                            15DCA20419434158AD702A3B /* ZERO_CHECK */,
                            AEAF42B991B548569C8F7520 /* gtest */,
                            02E21AB204DE4A8598AB105F /* gtest_main */,
                     );
                     name = Sources;
                     sourceTree = "<group>";
              };
              C32EA5C6C40D4BA6AABF1BA0 /* Resources */ = {
                     isa = PBXGroup;
                     children = (
                     );
                     name = Resources;
                     sourceTree = "<group>";
              };
              1E1E136B49684586AA83C61E /* ALL_BUILD */ = {
                     isa = PBXGroup;
                     children = (
                            B493B05FAF314C55BA28A223 /* CMake Rules */,
                            41CBECB9B7A24F4D9EFC6C99 /* /Users/alex/Coding/geosim/googletest/CMakeLists.txt */,
                     );
                     name = ALL_BUILD;
                     sourceTree = "<group>";
              };
              B493B05FAF314C55BA28A223 /* CMake Rules */ = {
                     isa = PBXGroup;
                     children = (
                     );
                     name = "CMake Rules";
                     sourceTree = "<group>";
              };
              15DCA20419434158AD702A3B /* ZERO_CHECK */ = {
                     isa = PBXGroup;
                     children = (
                            DF5C29F52BD440D7A0B1F1BE /* CMake Rules */,
                            41CBECB9B7A24F4D9EFC6C99 /* /Users/alex/Coding/geosim/googletest/CMakeLists.txt */,
                     );
                     name = ZERO_CHECK;
                     sourceTree = "<group>";
              };
              DF5C29F52BD440D7A0B1F1BE /* CMake Rules */ = {
                     isa = PBXGroup;
                     children = (
                     );
                     name = "CMake Rules";
                     sourceTree = "<group>";
              };
              AEAF42B991B548569C8F7520 /* gtest */ = {
                     isa = PBXGroup;
                     children = (
                            04BEA2832CBB4C0D88B9EB3C /* Source Files */,
                            41CBECB9B7A24F4D9EFC6C99 /* /Users/alex/Coding/geosim/googletest/CMakeLists.txt */,
                     );
                     name = gtest;
                     sourceTree = "<group>";
              };
              04BEA2832CBB4C0D88B9EB3C /* Source Files */ = {
                     isa = PBXGroup;
                     children = (
                            9F2FF7F4E50F4B9394E36B4D /* /Users/alex/Coding/geosim/googletest/src/gtest-all.cc */,
                     );
                     name = "Source Files";
                     sourceTree = "<group>";
              };
              02E21AB204DE4A8598AB105F /* gtest_main */ = {
                     isa = PBXGroup;
                     children = (
                            74BEAAE204CB49D3A24F86EB /* Source Files */,
                            41CBECB9B7A24F4D9EFC6C99 /* /Users/alex/Coding/geosim/googletest/CMakeLists.txt */,
                     );
                     name = gtest_main;
                     sourceTree = "<group>";
              };
              74BEAAE204CB49D3A24F86EB /* Source Files */ = {
                     isa = PBXGroup;
                     children = (
                            0C6810328A5A446C8C1A6911 /* /Users/alex/Coding/geosim/googletest/src/gtest_main.cc */,
                     );
                     name = "Source Files";
                     sourceTree = "<group>";
              };
              5DEDA4D945374089BFD2F652 /* Products */ = {
                     isa = PBXGroup;
                     children = (
                            AA35934358C2453FA3DE1948 /* gtest */,
                            EB3BD99919924791A7C7B0AB /* gtest_main */,
                     );
                     name = Products;
                     sourceTree = "<group>";
              };
/* End PBXGroup section */

/* Begin PBXNativeTarget section */
              B66D41643AEF4255AEC140BB /* gtest */ = {
                     isa = PBXNativeTarget;
                     buildConfigurationList = 8FD8EF138CFA443593544260 /* Build configuration list for PBXNativeTarget "gtest" */;
                     buildPhases = (
                            3448CEDC2CEF4A3092BBF950 /* Sources */,
                            ABB49D748F2A4E89961B6E27 /* CMake PostBuild Rules */,
                     );
                     buildRules = (
                     );
                     dependencies = (
                            F270D35B8D65413DA138F00D /* PBXTargetDependency */,
                     );
                     name = gtest;
                     productName = gtest;
                     productReference = AA35934358C2453FA3DE1948 /* gtest */;
                     productType = "com.apple.product-type.library.static";
              };
              1101F461472F40A8A0A18E66 /* gtest_main */ = {
                     isa = PBXNativeTarget;
                     buildConfigurationList = D844CF74FE624D7681B386F0 /* Build configuration list for PBXNativeTarget "gtest_main" */;
                     buildPhases = (
                            EE85C6A2C9F144C68F76F1BD /* Sources */,
                            611291E886B649C092236FF6 /* CMake PostBuild Rules */,
                     );
                     buildRules = (
                     );
                     dependencies = (
                            F270D35B8D65413DA138F00D /* PBXTargetDependency */,
                            D6E6A6F5B0234CA5AFCE9506 /* PBXTargetDependency */,
                     );
                     name = gtest_main;
                     productName = gtest_main;
                     productReference = EB3BD99919924791A7C7B0AB /* gtest_main */;
                     productType = "com.apple.product-type.library.static";
              };
/* End PBXNativeTarget section */

/* Begin PBXProject section */
              94B69B3A07054DB4A84C94BD /* Project object */ = {
                     isa = PBXProject;
                     attributes = {
                            BuildIndependentTargetsInParallel = YES;
                     };
                     buildConfigurationList = 3F2BE43A4E8E4438B1145350 /* Build configuration list for PBXProject  "gtest" */;
                     buildSettings = {
                     };
                     buildStyles = (
                            B9413475E97C4B3589C97817 /* Debug */,
                            C06A13BC55E34882B9E6603E /* Release */,
                            8626F0E991EC4C85A3EB6587 /* MinSizeRel */,
                            5DE80597C93745F6BD4EABCF /* RelWithDebInfo */,
                     );
                     compatibilityVersion = "Xcode 3.2";
                     hasScannedForEncodings = 0;
                     mainGroup = 8A9DC775F7F34679A75CE2F4;
                     projectDirPath = /Users/alex/Coding/geosim/googletest;
                     projectRoot = "";
                     targets = (
                            1A72F6F3D7FD4227B934793A /* ALL_BUILD */,
                            62B7C81285784C67AB28F4EC /* ZERO_CHECK */,
                            B66D41643AEF4255AEC140BB /* gtest */,
                            1101F461472F40A8A0A18E66 /* gtest_main */,
                            4651C812ACDF4D11879D7722 /* install */,
                     );
              };
/* End PBXProject section */

/* Begin PBXShellScriptBuildPhase section */
              D612EA077FD14363B04D0DC6 /*  */ = {
                     isa = PBXShellScriptBuildPhase;
                     buildActionMask = 2147483647;
                     files = (
                     );
                     inputPaths = (
                     );
                     outputPaths = (
                     );
                     runOnlyForDeploymentPostprocessing = 0;
                     shellPath = /bin/sh;
                     shellScript = "# shell script goes here
exit 0";
                     showEnvVarsInLog = 0;
              };
              0DDC9152E2674BCDAFCEA49A /* CMake Rules */ = {
                     isa = PBXShellScriptBuildPhase;
                     buildActionMask = 2147483647;
                     files = (
                     );
                     name = "CMake Rules";
                     runOnlyForDeploymentPostprocessing = 0;
                     shellPath = /bin/sh;
                     shellScript = "make -C /Users/alex/Coding/geosim/liquidfun/Box2D/googletest -f /Users/alex/Coding/geosim/liquidfun/Box2D/googletest/CMakeScripts/ALL_BUILD_cmakeRulesBuildPhase.make$CONFIGURATION all";
                     showEnvVarsInLog = 0;
              };
              7AE429BE95A1492696BBC1F1 /*  */ = {
                     isa = PBXShellScriptBuildPhase;
                     buildActionMask = 2147483647;
                     files = (
                     );
                     inputPaths = (
                     );
                     outputPaths = (
                     );
                     runOnlyForDeploymentPostprocessing = 0;
                     shellPath = /bin/sh;
                     shellScript = "# shell script goes here
exit 0";
                     showEnvVarsInLog = 0;
              };
              E1575A5171E74BCA9CE36124 /* CMake Rules */ = {
                     isa = PBXShellScriptBuildPhase;
                     buildActionMask = 2147483647;
                     files = (
                     );
                     name = "CMake Rules";
                     runOnlyForDeploymentPostprocessing = 0;
                     shellPath = /bin/sh;
                     shellScript = "make -C /Users/alex/Coding/geosim/liquidfun/Box2D/googletest -f /Users/alex/Coding/geosim/liquidfun/Box2D/googletest/CMakeScripts/ZERO_CHECK_cmakeRulesBuildPhase.make$CONFIGURATION all";
                     showEnvVarsInLog = 0;
              };
              ABB49D748F2A4E89961B6E27 /* CMake PostBuild Rules */ = {
                     isa = PBXShellScriptBuildPhase;
                     buildActionMask = 2147483647;
                     files = (
                     );
                     name = "CMake PostBuild Rules";
                     runOnlyForDeploymentPostprocessing = 0;
                     shellPath = /bin/sh;
                     shellScript = "make -C /Users/alex/Coding/geosim/liquidfun/Box2D/googletest -f /Users/alex/Coding/geosim/liquidfun/Box2D/googletest/CMakeScripts/gtest_postBuildPhase.make$CONFIGURATION all";
                     showEnvVarsInLog = 0;
              };
              611291E886B649C092236FF6 /* CMake PostBuild Rules */ = {
                     isa = PBXShellScriptBuildPhase;
                     buildActionMask = 2147483647;
                     files = (
                     );
                     name = "CMake PostBuild Rules";
                     runOnlyForDeploymentPostprocessing = 0;
                     shellPath = /bin/sh;
                     shellScript = "make -C /Users/alex/Coding/geosim/liquidfun/Box2D/googletest -f /Users/alex/Coding/geosim/liquidfun/Box2D/googletest/CMakeScripts/gtest_main_postBuildPhase.make$CONFIGURATION all";
                     showEnvVarsInLog = 0;
              };
              AFEDE0071E8B4C8BBAD83BA2 /*  */ = {
                     isa = PBXShellScriptBuildPhase;
                     buildActionMask = 2147483647;
                     files = (
                     );
                     inputPaths = (
                     );
                     outputPaths = (
                     );
                     runOnlyForDeploymentPostprocessing = 0;
                     shellPath = /bin/sh;
                     shellScript = "# shell script goes here
exit 0";
                     showEnvVarsInLog = 0;
              };
              0063383AB1A9425AAB9DB23A /* CMake PostBuild Rules */ = {
                     isa = PBXShellScriptBuildPhase;
                     buildActionMask = 2147483647;
                     files = (
                     );
                     name = "CMake PostBuild Rules";
                     runOnlyForDeploymentPostprocessing = 0;
                     shellPath = /bin/sh;
                     shellScript = "make -C /Users/alex/Coding/geosim/liquidfun/Box2D/googletest -f /Users/alex/Coding/geosim/liquidfun/Box2D/googletest/CMakeScripts/install_postBuildPhase.make$CONFIGURATION all";
                     showEnvVarsInLog = 0;
              };
/* End PBXShellScriptBuildPhase section */

/* Begin PBXSourcesBuildPhase section */
              3448CEDC2CEF4A3092BBF950 /* Sources */ = {
                     isa = PBXSourcesBuildPhase;
                     buildActionMask = 2147483647;
                     files = (
                            5505FDBBE90B4C2BA71BC2A0 /* /Users/alex/Coding/geosim/googletest/src/gtest-all.cc */,
                     );
                     runOnlyForDeploymentPostprocessing = 0;
              };
              EE85C6A2C9F144C68F76F1BD /* Sources */ = {
                     isa = PBXSourcesBuildPhase;
                     buildActionMask = 2147483647;
                     files = (
                            882499786E8147198B305137 /* /Users/alex/Coding/geosim/googletest/src/gtest_main.cc */,
                     );
                     runOnlyForDeploymentPostprocessing = 0;
              };
/* End PBXSourcesBuildPhase section */

/* Begin PBXTargetDependency section */
              F270D35B8D65413DA138F00D /* PBXTargetDependency */ = {
                     isa = PBXTargetDependency;
                     target = 62B7C81285784C67AB28F4EC /* ZERO_CHECK */;
                     targetProxy = 09F834D5C2D34964BDC2D0B7 /* PBXContainerItemProxy */;
              };
              D6E6A6F5B0234CA5AFCE9506 /* PBXTargetDependency */ = {
                     isa = PBXTargetDependency;
                     target = B66D41643AEF4255AEC140BB /* gtest */;
                     targetProxy = 9A005FD4199744A9AE87228F /* PBXContainerItemProxy */;
              };
              BDD1799AA4554BF39CAE0452 /* PBXTargetDependency */ = {
                     isa = PBXTargetDependency;
                     target = 1101F461472F40A8A0A18E66 /* gtest_main */;
                     targetProxy = 2538C710F56A4240B0970CC5 /* PBXContainerItemProxy */;
              };
              262A6893FF064025A80E346B /* PBXTargetDependency */ = {
                     isa = PBXTargetDependency;
                     target = 1A72F6F3D7FD4227B934793A /* ALL_BUILD */;
                     targetProxy = DFA000DAF2A346699F6E5E37 /* PBXContainerItemProxy */;
              };
/* End PBXTargetDependency section */

/* Begin XCBuildConfiguration section */
              C9A36D91D98641AF9628BD5F /* Debug */ = {
                     isa = XCBuildConfiguration;
                     buildSettings = {
                            ARCHS = "$(ARCHS_STANDARD_32_64_BIT)";
                            ONLY_ACTIVE_ARCH = YES;
                            SDKROOT = "/Applications/Xcode.app/Contents/Developer/Platforms/MacOSX.platform/Developer/SDKs/MacOSX10.8.sdk";
                            SYMROOT = /Users/alex/Coding/geosim/liquidfun/Box2D/googletest/build;
                     };
                     name = Debug;
              };
              FA40FD5A5E2B4181A1F1D581 /* Release */ = {
                     isa = XCBuildConfiguration;
                     buildSettings = {
                            ARCHS = "$(ARCHS_STANDARD_32_64_BIT)";
                            ONLY_ACTIVE_ARCH = YES;
                            SDKROOT = "/Applications/Xcode.app/Contents/Developer/Platforms/MacOSX.platform/Developer/SDKs/MacOSX10.8.sdk";
                            SYMROOT = /Users/alex/Coding/geosim/liquidfun/Box2D/googletest/build;
                     };
                     name = Release;
              };
              99AEB2C9E34543B98B51C04F /* MinSizeRel */ = {
                     isa = XCBuildConfiguration;
                     buildSettings = {
                            ARCHS = "$(ARCHS_STANDARD_32_64_BIT)";
                            ONLY_ACTIVE_ARCH = YES;
                            SDKROOT = "/Applications/Xcode.app/Contents/Developer/Platforms/MacOSX.platform/Developer/SDKs/MacOSX10.8.sdk";
                            SYMROOT = /Users/alex/Coding/geosim/liquidfun/Box2D/googletest/build;
                     };
                     name = MinSizeRel;
              };
              B979B14667AC465695E808D1 /* RelWithDebInfo */ = {
                     isa = XCBuildConfiguration;
                     buildSettings = {
                            ARCHS = "$(ARCHS_STANDARD_32_64_BIT)";
                            ONLY_ACTIVE_ARCH = YES;
                            SDKROOT = "/Applications/Xcode.app/Contents/Developer/Platforms/MacOSX.platform/Developer/SDKs/MacOSX10.8.sdk";
                            SYMROOT = /Users/alex/Coding/geosim/liquidfun/Box2D/googletest/build;
                     };
                     name = RelWithDebInfo;
              };
              A13F86A3FE6443FF983764BA /* Debug */ = {
                     isa = XCBuildConfiguration;
                     buildSettings = {
                            GCC_GENERATE_DEBUGGING_SYMBOLS = NO;
                            GCC_INLINES_ARE_PRIVATE_EXTERN = NO;
                            GCC_OPTIMIZATION_LEVEL = 0;
                            GCC_PREPROCESSOR_DEFINITIONS = ("'CMAKE_INTDIR=\"$(CONFIGURATION)$(EFFECTIVE_PLATFORM_NAME)\"'", "'LIQUIDFUN_EXTERNAL_LANGUAGE_API=1'", );
                            GCC_SYMBOLS_PRIVATE_EXTERN = NO;
                            HEADER_SEARCH_PATHS = (/Users/alex/Coding/geosim/googletest/include, /Users/alex/Coding/geosim/googletest, );
                            INSTALL_PATH = "";
                            OTHER_CFLAGS = "  ";
                            OTHER_LDFLAGS = "";
                            OTHER_REZFLAGS = "";
                            PRODUCT_NAME = ALL_BUILD;
                            SECTORDER_FLAGS = "";
                            SYMROOT = /Users/alex/Coding/geosim/liquidfun/Box2D/googletest;
                            USE_HEADERMAP = NO;
                            WARNING_CFLAGS = ("-Wmost", "-Wno-four-char-constants", "-Wno-unknown-pragmas", );
                     };
                     name = Debug;
              };
              35EAF45CCD314020AB8136B5 /* Release */ = {
                     isa = XCBuildConfiguration;
                     buildSettings = {
                            GCC_GENERATE_DEBUGGING_SYMBOLS = NO;
                            GCC_INLINES_ARE_PRIVATE_EXTERN = NO;
                            GCC_OPTIMIZATION_LEVEL = 0;
                            GCC_PREPROCESSOR_DEFINITIONS = ("'CMAKE_INTDIR=\"$(CONFIGURATION)$(EFFECTIVE_PLATFORM_NAME)\"'", "'LIQUIDFUN_EXTERNAL_LANGUAGE_API=1'", );
                            GCC_SYMBOLS_PRIVATE_EXTERN = NO;
                            HEADER_SEARCH_PATHS = (/Users/alex/Coding/geosim/googletest/include, /Users/alex/Coding/geosim/googletest, );
                            INSTALL_PATH = "";
                            OTHER_CFLAGS = "  ";
                            OTHER_LDFLAGS = "";
                            OTHER_REZFLAGS = "";
                            PRODUCT_NAME = ALL_BUILD;
                            SECTORDER_FLAGS = "";
                            SYMROOT = /Users/alex/Coding/geosim/liquidfun/Box2D/googletest;
                            USE_HEADERMAP = NO;
                            WARNING_CFLAGS = ("-Wmost", "-Wno-four-char-constants", "-Wno-unknown-pragmas", );
                     };
                     name = Release;
              };
              C67F3AE4E74743119C02B85D /* MinSizeRel */ = {
                     isa = XCBuildConfiguration;
                     buildSettings = {
                            GCC_GENERATE_DEBUGGING_SYMBOLS = NO;
                            GCC_INLINES_ARE_PRIVATE_EXTERN = NO;
                            GCC_OPTIMIZATION_LEVEL = 0;
                            GCC_PREPROCESSOR_DEFINITIONS = ("'CMAKE_INTDIR=\"$(CONFIGURATION)$(EFFECTIVE_PLATFORM_NAME)\"'", "'LIQUIDFUN_EXTERNAL_LANGUAGE_API=1'", );
                            GCC_SYMBOLS_PRIVATE_EXTERN = NO;
                            HEADER_SEARCH_PATHS = (/Users/alex/Coding/geosim/googletest/include, /Users/alex/Coding/geosim/googletest, );
                            INSTALL_PATH = "";
                            OTHER_CFLAGS = "  ";
                            OTHER_LDFLAGS = "";
                            OTHER_REZFLAGS = "";
                            PRODUCT_NAME = ALL_BUILD;
                            SECTORDER_FLAGS = "";
                            SYMROOT = /Users/alex/Coding/geosim/liquidfun/Box2D/googletest;
                            USE_HEADERMAP = NO;
                            WARNING_CFLAGS = ("-Wmost", "-Wno-four-char-constants", "-Wno-unknown-pragmas", );
                     };
                     name = MinSizeRel;
              };
              16ECD8BA41894C0187213864 /* RelWithDebInfo */ = {
                     isa = XCBuildConfiguration;
                     buildSettings = {
                            GCC_GENERATE_DEBUGGING_SYMBOLS = NO;
                            GCC_INLINES_ARE_PRIVATE_EXTERN = NO;
                            GCC_OPTIMIZATION_LEVEL = 0;
                            GCC_PREPROCESSOR_DEFINITIONS = ("'CMAKE_INTDIR=\"$(CONFIGURATION)$(EFFECTIVE_PLATFORM_NAME)\"'", "'LIQUIDFUN_EXTERNAL_LANGUAGE_API=1'", );
                            GCC_SYMBOLS_PRIVATE_EXTERN = NO;
                            HEADER_SEARCH_PATHS = (/Users/alex/Coding/geosim/googletest/include, /Users/alex/Coding/geosim/googletest, );
                            INSTALL_PATH = "";
                            OTHER_CFLAGS = "  ";
                            OTHER_LDFLAGS = "";
                            OTHER_REZFLAGS = "";
                            PRODUCT_NAME = ALL_BUILD;
                            SECTORDER_FLAGS = "";
                            SYMROOT = /Users/alex/Coding/geosim/liquidfun/Box2D/googletest;
                            USE_HEADERMAP = NO;
                            WARNING_CFLAGS = ("-Wmost", "-Wno-four-char-constants", "-Wno-unknown-pragmas", );
                     };
                     name = RelWithDebInfo;
              };
              C1929B71174D462BB7E80203 /* Debug */ = {
                     isa = XCBuildConfiguration;
                     buildSettings = {
                            GCC_GENERATE_DEBUGGING_SYMBOLS = NO;
                            GCC_INLINES_ARE_PRIVATE_EXTERN = NO;
                            GCC_OPTIMIZATION_LEVEL = 0;
                            GCC_PREPROCESSOR_DEFINITIONS = ("'CMAKE_INTDIR=\"$(CONFIGURATION)$(EFFECTIVE_PLATFORM_NAME)\"'", "'LIQUIDFUN_EXTERNAL_LANGUAGE_API=1'", );
                            GCC_SYMBOLS_PRIVATE_EXTERN = NO;
                            HEADER_SEARCH_PATHS = (/Users/alex/Coding/geosim/googletest/include, /Users/alex/Coding/geosim/googletest, );
                            INSTALL_PATH = "";
                            OTHER_CFLAGS = "  ";
                            OTHER_LDFLAGS = "";
                            OTHER_REZFLAGS = "";
                            PRODUCT_NAME = ZERO_CHECK;
                            SECTORDER_FLAGS = "";
                            SYMROOT = /Users/alex/Coding/geosim/liquidfun/Box2D/googletest;
                            USE_HEADERMAP = NO;
                            WARNING_CFLAGS = ("-Wmost", "-Wno-four-char-constants", "-Wno-unknown-pragmas", );
                     };
                     name = Debug;
              };
              FF448F49A8F0495D8F103F08 /* Release */ = {
                     isa = XCBuildConfiguration;
                     buildSettings = {
                            GCC_GENERATE_DEBUGGING_SYMBOLS = NO;
                            GCC_INLINES_ARE_PRIVATE_EXTERN = NO;
                            GCC_OPTIMIZATION_LEVEL = 0;
                            GCC_PREPROCESSOR_DEFINITIONS = ("'CMAKE_INTDIR=\"$(CONFIGURATION)$(EFFECTIVE_PLATFORM_NAME)\"'", "'LIQUIDFUN_EXTERNAL_LANGUAGE_API=1'", );
                            GCC_SYMBOLS_PRIVATE_EXTERN = NO;
                            HEADER_SEARCH_PATHS = (/Users/alex/Coding/geosim/googletest/include, /Users/alex/Coding/geosim/googletest, );
                            INSTALL_PATH = "";
                            OTHER_CFLAGS = "  ";
                            OTHER_LDFLAGS = "";
                            OTHER_REZFLAGS = "";
                            PRODUCT_NAME = ZERO_CHECK;
                            SECTORDER_FLAGS = "";
                            SYMROOT = /Users/alex/Coding/geosim/liquidfun/Box2D/googletest;
                            USE_HEADERMAP = NO;
                            WARNING_CFLAGS = ("-Wmost", "-Wno-four-char-constants", "-Wno-unknown-pragmas", );
                     };
                     name = Release;
              };
              0E8D956928AD4F30A2B2ED0D /* MinSizeRel */ = {
                     isa = XCBuildConfiguration;
                     buildSettings = {
                            GCC_GENERATE_DEBUGGING_SYMBOLS = NO;
                            GCC_INLINES_ARE_PRIVATE_EXTERN = NO;
                            GCC_OPTIMIZATION_LEVEL = 0;
                            GCC_PREPROCESSOR_DEFINITIONS = ("'CMAKE_INTDIR=\"$(CONFIGURATION)$(EFFECTIVE_PLATFORM_NAME)\"'", "'LIQUIDFUN_EXTERNAL_LANGUAGE_API=1'", );
                            GCC_SYMBOLS_PRIVATE_EXTERN = NO;
                            HEADER_SEARCH_PATHS = (/Users/alex/Coding/geosim/googletest/include, /Users/alex/Coding/geosim/googletest, );
                            INSTALL_PATH = "";
                            OTHER_CFLAGS = "  ";
                            OTHER_LDFLAGS = "";
                            OTHER_REZFLAGS = "";
                            PRODUCT_NAME = ZERO_CHECK;
                            SECTORDER_FLAGS = "";
                            SYMROOT = /Users/alex/Coding/geosim/liquidfun/Box2D/googletest;
                            USE_HEADERMAP = NO;
                            WARNING_CFLAGS = ("-Wmost", "-Wno-four-char-constants", "-Wno-unknown-pragmas", );
                     };
                     name = MinSizeRel;
              };
              3BF5ABE907AC4357B781D74E /* RelWithDebInfo */ = {
                     isa = XCBuildConfiguration;
                     buildSettings = {
                            GCC_GENERATE_DEBUGGING_SYMBOLS = NO;
                            GCC_INLINES_ARE_PRIVATE_EXTERN = NO;
                            GCC_OPTIMIZATION_LEVEL = 0;
                            GCC_PREPROCESSOR_DEFINITIONS = ("'CMAKE_INTDIR=\"$(CONFIGURATION)$(EFFECTIVE_PLATFORM_NAME)\"'", "'LIQUIDFUN_EXTERNAL_LANGUAGE_API=1'", );
                            GCC_SYMBOLS_PRIVATE_EXTERN = NO;
                            HEADER_SEARCH_PATHS = (/Users/alex/Coding/geosim/googletest/include, /Users/alex/Coding/geosim/googletest, );
                            INSTALL_PATH = "";
                            OTHER_CFLAGS = "  ";
                            OTHER_LDFLAGS = "";
                            OTHER_REZFLAGS = "";
                            PRODUCT_NAME = ZERO_CHECK;
                            SECTORDER_FLAGS = "";
                            SYMROOT = /Users/alex/Coding/geosim/liquidfun/Box2D/googletest;
                            USE_HEADERMAP = NO;
                            WARNING_CFLAGS = ("-Wmost", "-Wno-four-char-constants", "-Wno-unknown-pragmas", );
                     };
                     name = RelWithDebInfo;
              };
              417E0C4BE52B4091B1CCCFFF /* Debug */ = {
                     isa = XCBuildConfiguration;
                     buildSettings = {
                            EXECUTABLE_PREFIX = lib;
                            EXECUTABLE_SUFFIX = ".a";
                            GCC_GENERATE_DEBUGGING_SYMBOLS = YES;
                            GCC_INLINES_ARE_PRIVATE_EXTERN = NO;
                            GCC_OPTIMIZATION_LEVEL = 0;
                            GCC_PREPROCESSOR_DEFINITIONS = ("'CMAKE_INTDIR=\"$(CONFIGURATION)$(EFFECTIVE_PLATFORM_NAME)\"'", "'LIQUIDFUN_EXTERNAL_LANGUAGE_API=1'", );
                            GCC_SYMBOLS_PRIVATE_EXTERN = NO;
                            HEADER_SEARCH_PATHS = (/Users/alex/Coding/geosim/googletest/include, /Users/alex/Coding/geosim/googletest, );
                            INSTALL_PATH = "";
                            LIBRARY_STYLE = STATIC;
                            OTHER_CFLAGS = "     -DDEBUG=1  ";
                            OTHER_CPLUSPLUSFLAGS = "     -DDEBUG=1  ";
                            OTHER_LDFLAGS = "";
                            OTHER_REZFLAGS = "";
                            PRODUCT_NAME = gtest;
                            SECTORDER_FLAGS = "";
                            SYMROOT = /Users/alex/Coding/geosim/liquidfun/Box2D/googletest;
                            USE_HEADERMAP = NO;
                            WARNING_CFLAGS = ("-Wmost", "-Wno-four-char-constants", "-Wno-unknown-pragmas", );
                     };
                     name = Debug;
              };
              F8DDE97AAD494575824DED9A /* Release */ = {
                     isa = XCBuildConfiguration;
                     buildSettings = {
                            EXECUTABLE_PREFIX = lib;
                            EXECUTABLE_SUFFIX = ".a";
                            GCC_GENERATE_DEBUGGING_SYMBOLS = NO;
                            GCC_INLINES_ARE_PRIVATE_EXTERN = NO;
                            GCC_OPTIMIZATION_LEVEL = 3;
                            GCC_PREPROCESSOR_DEFINITIONS = ("'CMAKE_INTDIR=\"$(CONFIGURATION)$(EFFECTIVE_PLATFORM_NAME)\"'", "'LIQUIDFUN_EXTERNAL_LANGUAGE_API=1'", );
                            GCC_SYMBOLS_PRIVATE_EXTERN = NO;
                            HEADER_SEARCH_PATHS = (/Users/alex/Coding/geosim/googletest/include, /Users/alex/Coding/geosim/googletest, );
                            INSTALL_PATH = "";
                            LIBRARY_STYLE = STATIC;
                            OTHER_CFLAGS = "      -DNDEBUG -DDEBUG=0  ";
                            OTHER_CPLUSPLUSFLAGS = "      -DNDEBUG -DDEBUG=0  ";
                            OTHER_LDFLAGS = "";
                            OTHER_REZFLAGS = "";
                            PRODUCT_NAME = gtest;
                            SECTORDER_FLAGS = "";
                            SYMROOT = /Users/alex/Coding/geosim/liquidfun/Box2D/googletest;
                            USE_HEADERMAP = NO;
                            WARNING_CFLAGS = ("-Wmost", "-Wno-four-char-constants", "-Wno-unknown-pragmas", );
                     };
                     name = Release;
              };
              CC214B8BB56D43279F68C006 /* MinSizeRel */ = {
                     isa = XCBuildConfiguration;
                     buildSettings = {
                            EXECUTABLE_PREFIX = lib;
                            EXECUTABLE_SUFFIX = ".a";
                            GCC_GENERATE_DEBUGGING_SYMBOLS = NO;
                            GCC_INLINES_ARE_PRIVATE_EXTERN = NO;
                            GCC_OPTIMIZATION_LEVEL = s;
                            GCC_PREPROCESSOR_DEFINITIONS = ("'CMAKE_INTDIR=\"$(CONFIGURATION)$(EFFECTIVE_PLATFORM_NAME)\"'", "'LIQUIDFUN_EXTERNAL_LANGUAGE_API=1'", );
                            GCC_SYMBOLS_PRIVATE_EXTERN = NO;
                            HEADER_SEARCH_PATHS = (/Users/alex/Coding/geosim/googletest/include, /Users/alex/Coding/geosim/googletest, );
                            INSTALL_PATH = "";
                            LIBRARY_STYLE = STATIC;
                            OTHER_CFLAGS = "      -DNDEBUG -DDEBUG=0  ";
                            OTHER_CPLUSPLUSFLAGS = "      -DNDEBUG -DDEBUG=0  ";
                            OTHER_LDFLAGS = "";
                            OTHER_REZFLAGS = "";
                            PRODUCT_NAME = gtest;
                            SECTORDER_FLAGS = "";
                            SYMROOT = /Users/alex/Coding/geosim/liquidfun/Box2D/googletest;
                            USE_HEADERMAP = NO;
                            WARNING_CFLAGS = ("-Wmost", "-Wno-four-char-constants", "-Wno-unknown-pragmas", );
                     };
                     name = MinSizeRel;
              };
              36BF0A1C1D6046BDB107661F /* RelWithDebInfo */ = {
                     isa = XCBuildConfiguration;
                     buildSettings = {
                            EXECUTABLE_PREFIX = lib;
                            EXECUTABLE_SUFFIX = ".a";
                            GCC_GENERATE_DEBUGGING_SYMBOLS = YES;
                            GCC_INLINES_ARE_PRIVATE_EXTERN = NO;
                            GCC_OPTIMIZATION_LEVEL = 2;
                            GCC_PREPROCESSOR_DEFINITIONS = ("'CMAKE_INTDIR=\"$(CONFIGURATION)$(EFFECTIVE_PLATFORM_NAME)\"'", "'LIQUIDFUN_EXTERNAL_LANGUAGE_API=1'", );
                            GCC_SYMBOLS_PRIVATE_EXTERN = NO;
                            HEADER_SEARCH_PATHS = (/Users/alex/Coding/geosim/googletest/include, /Users/alex/Coding/geosim/googletest, );
                            INSTALL_PATH = "";
                            LIBRARY_STYLE = STATIC;
                            OTHER_CFLAGS = "         -DDEBUG=0  ";
                            OTHER_CPLUSPLUSFLAGS = "         -DDEBUG=0  ";
                            OTHER_LDFLAGS = "";
                            OTHER_REZFLAGS = "";
                            PRODUCT_NAME = gtest;
                            SECTORDER_FLAGS = "";
                            SYMROOT = /Users/alex/Coding/geosim/liquidfun/Box2D/googletest;
                            USE_HEADERMAP = NO;
                            WARNING_CFLAGS = ("-Wmost", "-Wno-four-char-constants", "-Wno-unknown-pragmas", );
                     };
                     name = RelWithDebInfo;
              };
              ED012E341E3448CAA3020919 /* Debug */ = {
                     isa = XCBuildConfiguration;
                     buildSettings = {
                            EXECUTABLE_PREFIX = lib;
                            EXECUTABLE_SUFFIX = ".a";
                            GCC_GENERATE_DEBUGGING_SYMBOLS = YES;
                            GCC_INLINES_ARE_PRIVATE_EXTERN = NO;
                            GCC_OPTIMIZATION_LEVEL = 0;
                            GCC_PREPROCESSOR_DEFINITIONS = ("'CMAKE_INTDIR=\"$(CONFIGURATION)$(EFFECTIVE_PLATFORM_NAME)\"'", "'LIQUIDFUN_EXTERNAL_LANGUAGE_API=1'", );
                            GCC_SYMBOLS_PRIVATE_EXTERN = NO;
                            HEADER_SEARCH_PATHS = (/Users/alex/Coding/geosim/googletest/include, /Users/alex/Coding/geosim/googletest, );
                            INSTALL_PATH = "";
                            LIBRARY_STYLE = STATIC;
                            OTHER_CFLAGS = "     -DDEBUG=1  ";
                            OTHER_CPLUSPLUSFLAGS = "     -DDEBUG=1  ";
                            OTHER_LDFLAGS = "";
                            OTHER_REZFLAGS = "";
                            PRODUCT_NAME = gtest_main;
                            SECTORDER_FLAGS = "";
                            SYMROOT = /Users/alex/Coding/geosim/liquidfun/Box2D/googletest;
                            USE_HEADERMAP = NO;
                            WARNING_CFLAGS = ("-Wmost", "-Wno-four-char-constants", "-Wno-unknown-pragmas", );
                     };
                     name = Debug;
              };
              526E6A43F23D4C179714092F /* Release */ = {
                     isa = XCBuildConfiguration;
                     buildSettings = {
                            EXECUTABLE_PREFIX = lib;
                            EXECUTABLE_SUFFIX = ".a";
                            GCC_GENERATE_DEBUGGING_SYMBOLS = NO;
                            GCC_INLINES_ARE_PRIVATE_EXTERN = NO;
                            GCC_OPTIMIZATION_LEVEL = 3;
                            GCC_PREPROCESSOR_DEFINITIONS = ("'CMAKE_INTDIR=\"$(CONFIGURATION)$(EFFECTIVE_PLATFORM_NAME)\"'", "'LIQUIDFUN_EXTERNAL_LANGUAGE_API=1'", );
                            GCC_SYMBOLS_PRIVATE_EXTERN = NO;
                            HEADER_SEARCH_PATHS = (/Users/alex/Coding/geosim/googletest/include, /Users/alex/Coding/geosim/googletest, );
                            INSTALL_PATH = "";
                            LIBRARY_STYLE = STATIC;
                            OTHER_CFLAGS = "      -DNDEBUG -DDEBUG=0  ";
                            OTHER_CPLUSPLUSFLAGS = "      -DNDEBUG -DDEBUG=0  ";
                            OTHER_LDFLAGS = "";
                            OTHER_REZFLAGS = "";
                            PRODUCT_NAME = gtest_main;
                            SECTORDER_FLAGS = "";
                            SYMROOT = /Users/alex/Coding/geosim/liquidfun/Box2D/googletest;
                            USE_HEADERMAP = NO;
                            WARNING_CFLAGS = ("-Wmost", "-Wno-four-char-constants", "-Wno-unknown-pragmas", );
                     };
                     name = Release;
              };
              505E0A3B841546439B7528AA /* MinSizeRel */ = {
                     isa = XCBuildConfiguration;
                     buildSettings = {
                            EXECUTABLE_PREFIX = lib;
                            EXECUTABLE_SUFFIX = ".a";
                            GCC_GENERATE_DEBUGGING_SYMBOLS = NO;
                            GCC_INLINES_ARE_PRIVATE_EXTERN = NO;
                            GCC_OPTIMIZATION_LEVEL = s;
                            GCC_PREPROCESSOR_DEFINITIONS = ("'CMAKE_INTDIR=\"$(CONFIGURATION)$(EFFECTIVE_PLATFORM_NAME)\"'", "'LIQUIDFUN_EXTERNAL_LANGUAGE_API=1'", );
                            GCC_SYMBOLS_PRIVATE_EXTERN = NO;
                            HEADER_SEARCH_PATHS = (/Users/alex/Coding/geosim/googletest/include, /Users/alex/Coding/geosim/googletest, );
                            INSTALL_PATH = "";
                            LIBRARY_STYLE = STATIC;
                            OTHER_CFLAGS = "      -DNDEBUG -DDEBUG=0  ";
                            OTHER_CPLUSPLUSFLAGS = "      -DNDEBUG -DDEBUG=0  ";
                            OTHER_LDFLAGS = "";
                            OTHER_REZFLAGS = "";
                            PRODUCT_NAME = gtest_main;
                            SECTORDER_FLAGS = "";
                            SYMROOT = /Users/alex/Coding/geosim/liquidfun/Box2D/googletest;
                            USE_HEADERMAP = NO;
                            WARNING_CFLAGS = ("-Wmost", "-Wno-four-char-constants", "-Wno-unknown-pragmas", );
                     };
                     name = MinSizeRel;
              };
              F41763E4D75E4BEC8BF954AC /* RelWithDebInfo */ = {
                     isa = XCBuildConfiguration;
                     buildSettings = {
                            EXECUTABLE_PREFIX = lib;
                            EXECUTABLE_SUFFIX = ".a";
                            GCC_GENERATE_DEBUGGING_SYMBOLS = YES;
                            GCC_INLINES_ARE_PRIVATE_EXTERN = NO;
                            GCC_OPTIMIZATION_LEVEL = 2;
                            GCC_PREPROCESSOR_DEFINITIONS = ("'CMAKE_INTDIR=\"$(CONFIGURATION)$(EFFECTIVE_PLATFORM_NAME)\"'", "'LIQUIDFUN_EXTERNAL_LANGUAGE_API=1'", );
                            GCC_SYMBOLS_PRIVATE_EXTERN = NO;
                            HEADER_SEARCH_PATHS = (/Users/alex/Coding/geosim/googletest/include, /Users/alex/Coding/geosim/googletest, );
                            INSTALL_PATH = "";
                            LIBRARY_STYLE = STATIC;
                            OTHER_CFLAGS = "         -DDEBUG=0  ";
                            OTHER_CPLUSPLUSFLAGS = "         -DDEBUG=0  ";
                            OTHER_LDFLAGS = "";
                            OTHER_REZFLAGS = "";
                            PRODUCT_NAME = gtest_main;
                            SECTORDER_FLAGS = "";
                            SYMROOT = /Users/alex/Coding/geosim/liquidfun/Box2D/googletest;
                            USE_HEADERMAP = NO;
                            WARNING_CFLAGS = ("-Wmost", "-Wno-four-char-constants", "-Wno-unknown-pragmas", );
                     };
                     name = RelWithDebInfo;
              };
              0C55325FC6B74EE6831C6943 /* Debug */ = {
                     isa = XCBuildConfiguration;
                     buildSettings = {
                            GCC_GENERATE_DEBUGGING_SYMBOLS = NO;
                            GCC_INLINES_ARE_PRIVATE_EXTERN = NO;
                            GCC_OPTIMIZATION_LEVEL = 0;
                            GCC_PREPROCESSOR_DEFINITIONS = ("'CMAKE_INTDIR=\"$(CONFIGURATION)$(EFFECTIVE_PLATFORM_NAME)\"'", "'LIQUIDFUN_EXTERNAL_LANGUAGE_API=1'", );
                            GCC_SYMBOLS_PRIVATE_EXTERN = NO;
                            HEADER_SEARCH_PATHS = (/Users/alex/Coding/geosim/googletest/include, /Users/alex/Coding/geosim/googletest, );
                            INSTALL_PATH = "";
                            OTHER_CFLAGS = "  ";
                            OTHER_LDFLAGS = "";
                            OTHER_REZFLAGS = "";
                            PRODUCT_NAME = install;
                            SECTORDER_FLAGS = "";
                            SYMROOT = /Users/alex/Coding/geosim/liquidfun/Box2D/googletest;
                            USE_HEADERMAP = NO;
                            WARNING_CFLAGS = ("-Wmost", "-Wno-four-char-constants", "-Wno-unknown-pragmas", );
                     };
                     name = Debug;
              };
              A86DBE7BCFAA467196C88EB9 /* Release */ = {
                     isa = XCBuildConfiguration;
                     buildSettings = {
                            GCC_GENERATE_DEBUGGING_SYMBOLS = NO;
                            GCC_INLINES_ARE_PRIVATE_EXTERN = NO;
                            GCC_OPTIMIZATION_LEVEL = 0;
                            GCC_PREPROCESSOR_DEFINITIONS = ("'CMAKE_INTDIR=\"$(CONFIGURATION)$(EFFECTIVE_PLATFORM_NAME)\"'", "'LIQUIDFUN_EXTERNAL_LANGUAGE_API=1'", );
                            GCC_SYMBOLS_PRIVATE_EXTERN = NO;
                            HEADER_SEARCH_PATHS = (/Users/alex/Coding/geosim/googletest/include, /Users/alex/Coding/geosim/googletest, );
                            INSTALL_PATH = "";
                            OTHER_CFLAGS = "  ";
                            OTHER_LDFLAGS = "";
                            OTHER_REZFLAGS = "";
                            PRODUCT_NAME = install;
                            SECTORDER_FLAGS = "";
                            SYMROOT = /Users/alex/Coding/geosim/liquidfun/Box2D/googletest;
                            USE_HEADERMAP = NO;
                            WARNING_CFLAGS = ("-Wmost", "-Wno-four-char-constants", "-Wno-unknown-pragmas", );
                     };
                     name = Release;
              };
              0F70BA5B56B84FC5B215355F /* MinSizeRel */ = {
                     isa = XCBuildConfiguration;
                     buildSettings = {
                            GCC_GENERATE_DEBUGGING_SYMBOLS = NO;
                            GCC_INLINES_ARE_PRIVATE_EXTERN = NO;
                            GCC_OPTIMIZATION_LEVEL = 0;
                            GCC_PREPROCESSOR_DEFINITIONS = ("'CMAKE_INTDIR=\"$(CONFIGURATION)$(EFFECTIVE_PLATFORM_NAME)\"'", "'LIQUIDFUN_EXTERNAL_LANGUAGE_API=1'", );
                            GCC_SYMBOLS_PRIVATE_EXTERN = NO;
                            HEADER_SEARCH_PATHS = (/Users/alex/Coding/geosim/googletest/include, /Users/alex/Coding/geosim/googletest, );
                            INSTALL_PATH = "";
                            OTHER_CFLAGS = "  ";
                            OTHER_LDFLAGS = "";
                            OTHER_REZFLAGS = "";
                            PRODUCT_NAME = install;
                            SECTORDER_FLAGS = "";
                            SYMROOT = /Users/alex/Coding/geosim/liquidfun/Box2D/googletest;
                            USE_HEADERMAP = NO;
                            WARNING_CFLAGS = ("-Wmost", "-Wno-four-char-constants", "-Wno-unknown-pragmas", );
                     };
                     name = MinSizeRel;
              };
              158BEDBF75C940EA8D0FCA2F /* RelWithDebInfo */ = {
                     isa = XCBuildConfiguration;
                     buildSettings = {
                            GCC_GENERATE_DEBUGGING_SYMBOLS = NO;
                            GCC_INLINES_ARE_PRIVATE_EXTERN = NO;
                            GCC_OPTIMIZATION_LEVEL = 0;
                            GCC_PREPROCESSOR_DEFINITIONS = ("'CMAKE_INTDIR=\"$(CONFIGURATION)$(EFFECTIVE_PLATFORM_NAME)\"'", "'LIQUIDFUN_EXTERNAL_LANGUAGE_API=1'", );
                            GCC_SYMBOLS_PRIVATE_EXTERN = NO;
                            HEADER_SEARCH_PATHS = (/Users/alex/Coding/geosim/googletest/include, /Users/alex/Coding/geosim/googletest, );
                            INSTALL_PATH = "";
                            OTHER_CFLAGS = "  ";
                            OTHER_LDFLAGS = "";
                            OTHER_REZFLAGS = "";
                            PRODUCT_NAME = install;
                            SECTORDER_FLAGS = "";
                            SYMROOT = /Users/alex/Coding/geosim/liquidfun/Box2D/googletest;
                            USE_HEADERMAP = NO;
                            WARNING_CFLAGS = ("-Wmost", "-Wno-four-char-constants", "-Wno-unknown-pragmas", );
                     };
                     name = RelWithDebInfo;
              };
/* End XCBuildConfiguration section */

/* Begin XCConfigurationList section */
              3F2BE43A4E8E4438B1145350 /* Build configuration list for PBXProject  "gtest" */ = {
                     isa = XCConfigurationList;
                     buildConfigurations = (
                            C9A36D91D98641AF9628BD5F /* Debug */,
                            FA40FD5A5E2B4181A1F1D581 /* Release */,
                            99AEB2C9E34543B98B51C04F /* MinSizeRel */,
                            B979B14667AC465695E808D1 /* RelWithDebInfo */,
                     );
                     defaultConfigurationIsVisible = 0;
                     defaultConfigurationName = Debug;
              };
              79259BE23B394719B6546D39 /* Build configuration list for PBXAggregateTarget "ALL_BUILD" */ = {
                     isa = XCConfigurationList;
                     buildConfigurations = (
                            A13F86A3FE6443FF983764BA /* Debug */,
                            35EAF45CCD314020AB8136B5 /* Release */,
                            C67F3AE4E74743119C02B85D /* MinSizeRel */,
                            16ECD8BA41894C0187213864 /* RelWithDebInfo */,
                     );
                     defaultConfigurationIsVisible = 0;
                     defaultConfigurationName = Debug;
              };
              902E98738DF2445A86F3CE79 /* Build configuration list for PBXAggregateTarget "ZERO_CHECK" */ = {
                     isa = XCConfigurationList;
                     buildConfigurations = (
                            C1929B71174D462BB7E80203 /* Debug */,
                            FF448F49A8F0495D8F103F08 /* Release */,
                            0E8D956928AD4F30A2B2ED0D /* MinSizeRel */,
                            3BF5ABE907AC4357B781D74E /* RelWithDebInfo */,
                     );
                     defaultConfigurationIsVisible = 0;
                     defaultConfigurationName = Debug;
              };
              8FD8EF138CFA443593544260 /* Build configuration list for PBXNativeTarget "gtest" */ = {
                     isa = XCConfigurationList;
                     buildConfigurations = (
                            417E0C4BE52B4091B1CCCFFF /* Debug */,
                            F8DDE97AAD494575824DED9A /* Release */,
                            CC214B8BB56D43279F68C006 /* MinSizeRel */,
                            36BF0A1C1D6046BDB107661F /* RelWithDebInfo */,
                     );
                     defaultConfigurationIsVisible = 0;
                     defaultConfigurationName = Debug;
              };
              D844CF74FE624D7681B386F0 /* Build configuration list for PBXNativeTarget "gtest_main" */ = {
                     isa = XCConfigurationList;
                     buildConfigurations = (
                            ED012E341E3448CAA3020919 /* Debug */,
                            526E6A43F23D4C179714092F /* Release */,
                            505E0A3B841546439B7528AA /* MinSizeRel */,
                            F41763E4D75E4BEC8BF954AC /* RelWithDebInfo */,
                     );
                     defaultConfigurationIsVisible = 0;
                     defaultConfigurationName = Debug;
              };
              3180FE68BBF44BB8BBC5F08F /* Build configuration list for PBXAggregateTarget "install" */ = {
                     isa = XCConfigurationList;
                     buildConfigurations = (
                            0C55325FC6B74EE6831C6943 /* Debug */,
                            A86DBE7BCFAA467196C88EB9 /* Release */,
                            0F70BA5B56B84FC5B215355F /* MinSizeRel */,
                            158BEDBF75C940EA8D0FCA2F /* RelWithDebInfo */,
                     );
                     defaultConfigurationIsVisible = 0;
                     defaultConfigurationName = Debug;
              };
/* End XCConfigurationList section */
       };
       rootObject = 94B69B3A07054DB4A84C94BD;
}
